// !$*UTF8*$!
{
	archiveVersion = 1;
	classes = {
	};
	objectVersion = 77;
	objects = {

/* Begin PBXContainerItemProxy section */
		0DCE43242C9A7AF900EEFD8B /* PBXContainerItemProxy */ = {
			isa = PBXContainerItemProxy;
			containerPortal = 0DCE43092C9A7AF800EEFD8B /* Project object */;
			proxyType = 1;
			remoteGlobalIDString = 0DCE43102C9A7AF800EEFD8B;
			remoteInfo = WhosWill;
		};
		0DCE432E2C9A7AF900EEFD8B /* PBXContainerItemProxy */ = {
			isa = PBXContainerItemProxy;
			containerPortal = 0DCE43092C9A7AF800EEFD8B /* Project object */;
			proxyType = 1;
			remoteGlobalIDString = 0DCE43102C9A7AF800EEFD8B;
			remoteInfo = WhosWill;
		};
/* End PBXContainerItemProxy section */

/* Begin PBXFileReference section */
		0DCE43112C9A7AF800EEFD8B /* WhosWill.app */ = {isa = PBXFileReference; explicitFileType = wrapper.application; includeInIndex = 0; path = WhosWill.app; sourceTree = BUILT_PRODUCTS_DIR; };
		0DCE43232C9A7AF900EEFD8B /* WhosWillTests.xctest */ = {isa = PBXFileReference; explicitFileType = wrapper.cfbundle; includeInIndex = 0; path = WhosWillTests.xctest; sourceTree = BUILT_PRODUCTS_DIR; };
		0DCE432D2C9A7AF900EEFD8B /* WhosWillUITests.xctest */ = {isa = PBXFileReference; explicitFileType = wrapper.cfbundle; includeInIndex = 0; path = WhosWillUITests.xctest; sourceTree = BUILT_PRODUCTS_DIR; };
/* End PBXFileReference section */

/* Begin PBXFileSystemSynchronizedRootGroup section */
		0DCE43132C9A7AF800EEFD8B /* WhosWill */ = {
			isa = PBXFileSystemSynchronizedRootGroup;
			path = WhosWill;
			sourceTree = "<group>";
		};
		0DCE43262C9A7AF900EEFD8B /* WhosWillTests */ = {
			isa = PBXFileSystemSynchronizedRootGroup;
			path = WhosWillTests;
			sourceTree = "<group>";
		};
		0DCE43302C9A7AF900EEFD8B /* WhosWillUITests */ = {
			isa = PBXFileSystemSynchronizedRootGroup;
			path = WhosWillUITests;
			sourceTree = "<group>";
		};
/* End PBXFileSystemSynchronizedRootGroup section */

/* Begin PBXFrameworksBuildPhase section */
		0DCE430E2C9A7AF800EEFD8B /* Frameworks */ = {
			isa = PBXFrameworksBuildPhase;
			buildActionMask = 2147483647;
			files = (
			);
			runOnlyForDeploymentPostprocessing = 0;
		};
		0DCE43202C9A7AF900EEFD8B /* Frameworks */ = {
			isa = PBXFrameworksBuildPhase;
			buildActionMask = 2147483647;
			files = (
			);
			runOnlyForDeploymentPostprocessing = 0;
		};
		0DCE432A2C9A7AF900EEFD8B /* Frameworks */ = {
			isa = PBXFrameworksBuildPhase;
			buildActionMask = 2147483647;
			files = (
			);
			runOnlyForDeploymentPostprocessing = 0;
		};
/* End PBXFrameworksBuildPhase section */

/* Begin PBXGroup section */
		0DCE43082C9A7AF800EEFD8B = {
			isa = PBXGroup;
			children = (
				0DCE43132C9A7AF800EEFD8B /* WhosWill */,
				0DCE43262C9A7AF900EEFD8B /* WhosWillTests */,
				0DCE43302C9A7AF900EEFD8B /* WhosWillUITests */,
				0DCE43122C9A7AF800EEFD8B /* Products */,
			);
			sourceTree = "<group>";
		};
		0DCE43122C9A7AF800EEFD8B /* Products */ = {
			isa = PBXGroup;
			children = (
				0DCE43112C9A7AF800EEFD8B /* WhosWill.app */,
				0DCE43232C9A7AF900EEFD8B /* WhosWillTests.xctest */,
				0DCE432D2C9A7AF900EEFD8B /* WhosWillUITests.xctest */,
			);
			name = Products;
			sourceTree = "<group>";
		};
/* End PBXGroup section */

/* Begin PBXNativeTarget section */
		0DCE43102C9A7AF800EEFD8B /* WhosWill */ = {
			isa = PBXNativeTarget;
			buildConfigurationList = 0DCE43372C9A7AF900EEFD8B /* Build configuration list for PBXNativeTarget "WhosWill" */;
			buildPhases = (
				0DCE430D2C9A7AF800EEFD8B /* Sources */,
				0DCE430E2C9A7AF800EEFD8B /* Frameworks */,
				0DCE430F2C9A7AF800EEFD8B /* Resources */,
			);
			buildRules = (
			);
			dependencies = (
			);
			fileSystemSynchronizedGroups = (
				0DCE43132C9A7AF800EEFD8B /* WhosWill */,
			);
			name = WhosWill;
			packageProductDependencies = (
			);
			productName = WhosWill;
			productReference = 0DCE43112C9A7AF800EEFD8B /* WhosWill.app */;
			productType = "com.apple.product-type.application";
		};
		0DCE43222C9A7AF900EEFD8B /* WhosWillTests */ = {
			isa = PBXNativeTarget;
			buildConfigurationList = 0DCE433A2C9A7AF900EEFD8B /* Build configuration list for PBXNativeTarget "WhosWillTests" */;
			buildPhases = (
				0DCE431F2C9A7AF900EEFD8B /* Sources */,
				0DCE43202C9A7AF900EEFD8B /* Frameworks */,
				0DCE43212C9A7AF900EEFD8B /* Resources */,
			);
			buildRules = (
			);
			dependencies = (
				0DCE43252C9A7AF900EEFD8B /* PBXTargetDependency */,
			);
			fileSystemSynchronizedGroups = (
				0DCE43262C9A7AF900EEFD8B /* WhosWillTests */,
			);
			name = WhosWillTests;
			packageProductDependencies = (
			);
			productName = WhosWillTests;
			productReference = 0DCE43232C9A7AF900EEFD8B /* WhosWillTests.xctest */;
			productType = "com.apple.product-type.bundle.unit-test";
		};
		0DCE432C2C9A7AF900EEFD8B /* WhosWillUITests */ = {
			isa = PBXNativeTarget;
			buildConfigurationList = 0DCE433D2C9A7AF900EEFD8B /* Build configuration list for PBXNativeTarget "WhosWillUITests" */;
			buildPhases = (
				0DCE43292C9A7AF900EEFD8B /* Sources */,
				0DCE432A2C9A7AF900EEFD8B /* Frameworks */,
				0DCE432B2C9A7AF900EEFD8B /* Resources */,
			);
			buildRules = (
			);
			dependencies = (
				0DCE432F2C9A7AF900EEFD8B /* PBXTargetDependency */,
			);
			fileSystemSynchronizedGroups = (
				0DCE43302C9A7AF900EEFD8B /* WhosWillUITests */,
			);
			name = WhosWillUITests;
			packageProductDependencies = (
			);
			productName = WhosWillUITests;
			productReference = 0DCE432D2C9A7AF900EEFD8B /* WhosWillUITests.xctest */;
			productType = "com.apple.product-type.bundle.ui-testing";
		};
/* End PBXNativeTarget section */

/* Begin PBXProject section */
		0DCE43092C9A7AF800EEFD8B /* Project object */ = {
			isa = PBXProject;
			attributes = {
				BuildIndependentTargetsInParallel = 1;
				LastSwiftUpdateCheck = 1600;
				LastUpgradeCheck = 1600;
				TargetAttributes = {
					0DCE43102C9A7AF800EEFD8B = {
						CreatedOnToolsVersion = 16.0;
					};
					0DCE43222C9A7AF900EEFD8B = {
						CreatedOnToolsVersion = 16.0;
						TestTargetID = 0DCE43102C9A7AF800EEFD8B;
					};
					0DCE432C2C9A7AF900EEFD8B = {
						CreatedOnToolsVersion = 16.0;
						TestTargetID = 0DCE43102C9A7AF800EEFD8B;
					};
				};
			};
			buildConfigurationList = 0DCE430C2C9A7AF800EEFD8B /* Build configuration list for PBXProject "WhosWill" */;
			developmentRegion = en;
			hasScannedForEncodings = 0;
			knownRegions = (
				en,
				Base,
			);
			mainGroup = 0DCE43082C9A7AF800EEFD8B;
			minimizedProjectReferenceProxies = 1;
			preferredProjectObjectVersion = 77;
			productRefGroup = 0DCE43122C9A7AF800EEFD8B /* Products */;
			projectDirPath = "";
			projectRoot = "";
			targets = (
				0DCE43102C9A7AF800EEFD8B /* WhosWill */,
				0DCE43222C9A7AF900EEFD8B /* WhosWillTests */,
				0DCE432C2C9A7AF900EEFD8B /* WhosWillUITests */,
			);
		};
/* End PBXProject section */

/* Begin PBXResourcesBuildPhase section */
		0DCE430F2C9A7AF800EEFD8B /* Resources */ = {
			isa = PBXResourcesBuildPhase;
			buildActionMask = 2147483647;
			files = (
			);
			runOnlyForDeploymentPostprocessing = 0;
		};
		0DCE43212C9A7AF900EEFD8B /* Resources */ = {
			isa = PBXResourcesBuildPhase;
			buildActionMask = 2147483647;
			files = (
			);
			runOnlyForDeploymentPostprocessing = 0;
		};
		0DCE432B2C9A7AF900EEFD8B /* Resources */ = {
			isa = PBXResourcesBuildPhase;
			buildActionMask = 2147483647;
			files = (
			);
			runOnlyForDeploymentPostprocessing = 0;
		};
/* End PBXResourcesBuildPhase section */

/* Begin PBXSourcesBuildPhase section */
		0DCE430D2C9A7AF800EEFD8B /* Sources */ = {
			isa = PBXSourcesBuildPhase;
			buildActionMask = 2147483647;
			files = (
			);
			runOnlyForDeploymentPostprocessing = 0;
		};
		0DCE431F2C9A7AF900EEFD8B /* Sources */ = {
			isa = PBXSourcesBuildPhase;
			buildActionMask = 2147483647;
			files = (
			);
			runOnlyForDeploymentPostprocessing = 0;
		};
		0DCE43292C9A7AF900EEFD8B /* Sources */ = {
			isa = PBXSourcesBuildPhase;
			buildActionMask = 2147483647;
			files = (
			);
			runOnlyForDeploymentPostprocessing = 0;
		};
/* End PBXSourcesBuildPhase section */

/* Begin PBXTargetDependency section */
		0DCE43252C9A7AF900EEFD8B /* PBXTargetDependency */ = {
			isa = PBXTargetDependency;
			target = 0DCE43102C9A7AF800EEFD8B /* WhosWill */;
			targetProxy = 0DCE43242C9A7AF900EEFD8B /* PBXContainerItemProxy */;
		};
		0DCE432F2C9A7AF900EEFD8B /* PBXTargetDependency */ = {
			isa = PBXTargetDependency;
			target = 0DCE43102C9A7AF800EEFD8B /* WhosWill */;
			targetProxy = 0DCE432E2C9A7AF900EEFD8B /* PBXContainerItemProxy */;
		};
/* End PBXTargetDependency section */

/* Begin XCBuildConfiguration section */
		0DCE43352C9A7AF900EEFD8B /* Debug */ = {
			isa = XCBuildConfiguration;
			buildSettings = {
				ALWAYS_SEARCH_USER_PATHS = NO;
				ASSETCATALOG_COMPILER_GENERATE_SWIFT_ASSET_SYMBOL_EXTENSIONS = YES;
				CLANG_ANALYZER_NONNULL = YES;
				CLANG_ANALYZER_NUMBER_OBJECT_CONVERSION = YES_AGGRESSIVE;
				CLANG_CXX_LANGUAGE_STANDARD = "gnu++20";
				CLANG_ENABLE_MODULES = YES;
				CLANG_ENABLE_OBJC_ARC = YES;
				CLANG_ENABLE_OBJC_WEAK = YES;
				CLANG_WARN_BLOCK_CAPTURE_AUTORELEASING = YES;
				CLANG_WARN_BOOL_CONVERSION = YES;
				CLANG_WARN_COMMA = YES;
				CLANG_WARN_CONSTANT_CONVERSION = YES;
				CLANG_WARN_DEPRECATED_OBJC_IMPLEMENTATIONS = YES;
				CLANG_WARN_DIRECT_OBJC_ISA_USAGE = YES_ERROR;
				CLANG_WARN_DOCUMENTATION_COMMENTS = YES;
				CLANG_WARN_EMPTY_BODY = YES;
				CLANG_WARN_ENUM_CONVERSION = YES;
				CLANG_WARN_INFINITE_RECURSION = YES;
				CLANG_WARN_INT_CONVERSION = YES;
				CLANG_WARN_NON_LITERAL_NULL_CONVERSION = YES;
				CLANG_WARN_OBJC_IMPLICIT_RETAIN_SELF = YES;
				CLANG_WARN_OBJC_LITERAL_CONVERSION = YES;
				CLANG_WARN_OBJC_ROOT_CLASS = YES_ERROR;
				CLANG_WARN_QUOTED_INCLUDE_IN_FRAMEWORK_HEADER = YES;
				CLANG_WARN_RANGE_LOOP_ANALYSIS = YES;
				CLANG_WARN_STRICT_PROTOTYPES = YES;
				CLANG_WARN_SUSPICIOUS_MOVE = YES;
				CLANG_WARN_UNGUARDED_AVAILABILITY = YES_AGGRESSIVE;
				CLANG_WARN_UNREACHABLE_CODE = YES;
				CLANG_WARN__DUPLICATE_METHOD_MATCH = YES;
				COPY_PHASE_STRIP = NO;
				DEBUG_INFORMATION_FORMAT = dwarf;
				ENABLE_STRICT_OBJC_MSGSEND = YES;
				ENABLE_TESTABILITY = YES;
				ENABLE_USER_SCRIPT_SANDBOXING = YES;
				GCC_C_LANGUAGE_STANDARD = gnu17;
				GCC_DYNAMIC_NO_PIC = NO;
				GCC_NO_COMMON_BLOCKS = YES;
				GCC_OPTIMIZATION_LEVEL = 0;
				GCC_PREPROCESSOR_DEFINITIONS = (
					"DEBUG=1",
					"$(inherited)",
				);
				GCC_WARN_64_TO_32_BIT_CONVERSION = YES;
				GCC_WARN_ABOUT_RETURN_TYPE = YES_ERROR;
				GCC_WARN_UNDECLARED_SELECTOR = YES;
				GCC_WARN_UNINITIALIZED_AUTOS = YES_AGGRESSIVE;
				GCC_WARN_UNUSED_FUNCTION = YES;
				GCC_WARN_UNUSED_VARIABLE = YES;
				IPHONEOS_DEPLOYMENT_TARGET = 18.0;
				LOCALIZATION_PREFERS_STRING_CATALOGS = YES;
				MTL_ENABLE_DEBUG_INFO = INCLUDE_SOURCE;
				MTL_FAST_MATH = YES;
				ONLY_ACTIVE_ARCH = YES;
				SDKROOT = iphoneos;
				SWIFT_ACTIVE_COMPILATION_CONDITIONS = "DEBUG $(inherited)";
				SWIFT_OPTIMIZATION_LEVEL = "-Onone";
			};
			name = Debug;
		};
		0DCE43362C9A7AF900EEFD8B /* Release */ = {
			isa = XCBuildConfiguration;
			buildSettings = {
				ALWAYS_SEARCH_USER_PATHS = NO;
				ASSETCATALOG_COMPILER_GENERATE_SWIFT_ASSET_SYMBOL_EXTENSIONS = YES;
				CLANG_ANALYZER_NONNULL = YES;
				CLANG_ANALYZER_NUMBER_OBJECT_CONVERSION = YES_AGGRESSIVE;
				CLANG_CXX_LANGUAGE_STANDARD = "gnu++20";
				CLANG_ENABLE_MODULES = YES;
				CLANG_ENABLE_OBJC_ARC = YES;
				CLANG_ENABLE_OBJC_WEAK = YES;
				CLANG_WARN_BLOCK_CAPTURE_AUTORELEASING = YES;
				CLANG_WARN_BOOL_CONVERSION = YES;
				CLANG_WARN_COMMA = YES;
				CLANG_WARN_CONSTANT_CONVERSION = YES;
				CLANG_WARN_DEPRECATED_OBJC_IMPLEMENTATIONS = YES;
				CLANG_WARN_DIRECT_OBJC_ISA_USAGE = YES_ERROR;
				CLANG_WARN_DOCUMENTATION_COMMENTS = YES;
				CLANG_WARN_EMPTY_BODY = YES;
				CLANG_WARN_ENUM_CONVERSION = YES;
				CLANG_WARN_INFINITE_RECURSION = YES;
				CLANG_WARN_INT_CONVERSION = YES;
				CLANG_WARN_NON_LITERAL_NULL_CONVERSION = YES;
				CLANG_WARN_OBJC_IMPLICIT_RETAIN_SELF = YES;
				CLANG_WARN_OBJC_LITERAL_CONVERSION = YES;
				CLANG_WARN_OBJC_ROOT_CLASS = YES_ERROR;
				CLANG_WARN_QUOTED_INCLUDE_IN_FRAMEWORK_HEADER = YES;
				CLANG_WARN_RANGE_LOOP_ANALYSIS = YES;
				CLANG_WARN_STRICT_PROTOTYPES = YES;
				CLANG_WARN_SUSPICIOUS_MOVE = YES;
				CLANG_WARN_UNGUARDED_AVAILABILITY = YES_AGGRESSIVE;
				CLANG_WARN_UNREACHABLE_CODE = YES;
				CLANG_WARN__DUPLICATE_METHOD_MATCH = YES;
				COPY_PHASE_STRIP = NO;
				DEBUG_INFORMATION_FORMAT = "dwarf-with-dsym";
				ENABLE_NS_ASSERTIONS = NO;
				ENABLE_STRICT_OBJC_MSGSEND = YES;
				ENABLE_USER_SCRIPT_SANDBOXING = YES;
				GCC_C_LANGUAGE_STANDARD = gnu17;
				GCC_NO_COMMON_BLOCKS = YES;
				GCC_WARN_64_TO_32_BIT_CONVERSION = YES;
				GCC_WARN_ABOUT_RETURN_TYPE = YES_ERROR;
				GCC_WARN_UNDECLARED_SELECTOR = YES;
				GCC_WARN_UNINITIALIZED_AUTOS = YES_AGGRESSIVE;
				GCC_WARN_UNUSED_FUNCTION = YES;
				GCC_WARN_UNUSED_VARIABLE = YES;
				IPHONEOS_DEPLOYMENT_TARGET = 18.0;
				LOCALIZATION_PREFERS_STRING_CATALOGS = YES;
				MTL_ENABLE_DEBUG_INFO = NO;
				MTL_FAST_MATH = YES;
				SDKROOT = iphoneos;
				SWIFT_COMPILATION_MODE = wholemodule;
				VALIDATE_PRODUCT = YES;
			};
			name = Release;
		};
		0DCE43382C9A7AF900EEFD8B /* Debug */ = {
			isa = XCBuildConfiguration;
			buildSettings = {
				ASSETCATALOG_COMPILER_APPICON_NAME = AppIcon;
				ASSETCATALOG_COMPILER_GLOBAL_ACCENT_COLOR_NAME = AccentColor;
				CODE_SIGN_STYLE = Automatic;
				CURRENT_PROJECT_VERSION = 1;
				DEVELOPMENT_ASSET_PATHS = "\"WhosWill/Preview Content\"";
				DEVELOPMENT_TEAM = T3N6692BLL;
				ENABLE_PREVIEWS = YES;
				GENERATE_INFOPLIST_FILE = YES;
				INFOPLIST_KEY_UIApplicationSceneManifest_Generation = YES;
				INFOPLIST_KEY_UIApplicationSupportsIndirectInputEvents = YES;
				INFOPLIST_KEY_UILaunchScreen_Generation = YES;
				INFOPLIST_KEY_UISupportedInterfaceOrientations_iPad = "UIInterfaceOrientationPortrait UIInterfaceOrientationPortraitUpsideDown UIInterfaceOrientationLandscapeLeft UIInterfaceOrientationLandscapeRight";
				INFOPLIST_KEY_UISupportedInterfaceOrientations_iPhone = "UIInterfaceOrientationPortrait UIInterfaceOrientationLandscapeLeft UIInterfaceOrientationLandscapeRight";
				LD_RUNPATH_SEARCH_PATHS = (
					"$(inherited)",
					"@executable_path/Frameworks",
				);
				MARKETING_VERSION = 1.0;
				PRODUCT_BUNDLE_IDENTIFIER = "willLam-852.WhosWill";
				PRODUCT_NAME = "$(TARGET_NAME)";
				SWIFT_EMIT_LOC_STRINGS = YES;
				SWIFT_VERSION = 5.0;
				TARGETED_DEVICE_FAMILY = "1,2";
			};
			name = Debug;
		};
		0DCE43392C9A7AF900EEFD8B /* Release */ = {
			isa = XCBuildConfiguration;
			buildSettings = {
				ASSETCATALOG_COMPILER_APPICON_NAME = AppIcon;
				ASSETCATALOG_COMPILER_GLOBAL_ACCENT_COLOR_NAME = AccentColor;
				CODE_SIGN_STYLE = Automatic;
				CURRENT_PROJECT_VERSION = 1;
				DEVELOPMENT_ASSET_PATHS = "\"WhosWill/Preview Content\"";
				DEVELOPMENT_TEAM = T3N6692BLL;
				ENABLE_PREVIEWS = YES;
				GENERATE_INFOPLIST_FILE = YES;
				INFOPLIST_KEY_UIApplicationSceneManifest_Generation = YES;
				INFOPLIST_KEY_UIApplicationSupportsIndirectInputEvents = YES;
				INFOPLIST_KEY_UILaunchScreen_Generation = YES;
				INFOPLIST_KEY_UISupportedInterfaceOrientations_iPad = "UIInterfaceOrientationPortrait UIInterfaceOrientationPortraitUpsideDown UIInterfaceOrientationLandscapeLeft UIInterfaceOrientationLandscapeRight";
				INFOPLIST_KEY_UISupportedInterfaceOrientations_iPhone = "UIInterfaceOrientationPortrait UIInterfaceOrientationLandscapeLeft UIInterfaceOrientationLandscapeRight";
				LD_RUNPATH_SEARCH_PATHS = (
					"$(inherited)",
					"@executable_path/Frameworks",
				);
				MARKETING_VERSION = 1.0;
				PRODUCT_BUNDLE_IDENTIFIER = "willLam-852.WhosWill";
				PRODUCT_NAME = "$(TARGET_NAME)";
				SWIFT_EMIT_LOC_STRINGS = YES;
				SWIFT_VERSION = 5.0;
				TARGETED_DEVICE_FAMILY = "1,2";
			};
			name = Release;
		};
		0DCE433B2C9A7AF900EEFD8B /* Debug */ = {
			isa = XCBuildConfiguration;
			buildSettings = {
				BUNDLE_LOADER = "$(TEST_HOST)";
				CODE_SIGN_STYLE = Automatic;
				CURRENT_PROJECT_VERSION = 1;
				DEVELOPMENT_TEAM = T3N6692BLL;
				GENERATE_INFOPLIST_FILE = YES;
				IPHONEOS_DEPLOYMENT_TARGET = 18.0;
				MARKETING_VERSION = 1.0;
				PRODUCT_BUNDLE_IDENTIFIER = "willLam-852.WhosWillTests";
				PRODUCT_NAME = "$(TARGET_NAME)";
				SWIFT_EMIT_LOC_STRINGS = NO;
				SWIFT_VERSION = 5.0;
				TARGETED_DEVICE_FAMILY = "1,2";
				TEST_HOST = "$(BUILT_PRODUCTS_DIR)/WhosWill.app/$(BUNDLE_EXECUTABLE_FOLDER_PATH)/WhosWill";
			};
			name = Debug;
		};
		0DCE433C2C9A7AF900EEFD8B /* Release */ = {
			isa = XCBuildConfiguration;
			buildSettings = {
				BUNDLE_LOADER = "$(TEST_HOST)";
				CODE_SIGN_STYLE = Automatic;
				CURRENT_PROJECT_VERSION = 1;
				DEVELOPMENT_TEAM = T3N6692BLL;
				GENERATE_INFOPLIST_FILE = YES;
				IPHONEOS_DEPLOYMENT_TARGET = 18.0;
				MARKETING_VERSION = 1.0;
				PRODUCT_BUNDLE_IDENTIFIER = "willLam-852.WhosWillTests";
				PRODUCT_NAME = "$(TARGET_NAME)";
				SWIFT_EMIT_LOC_STRINGS = NO;
				SWIFT_VERSION = 5.0;
				TARGETED_DEVICE_FAMILY = "1,2";
				TEST_HOST = "$(BUILT_PRODUCTS_DIR)/WhosWill.app/$(BUNDLE_EXECUTABLE_FOLDER_PATH)/WhosWill";
			};
			name = Release;
		};
		0DCE433E2C9A7AF900EEFD8B /* Debug */ = {
			isa = XCBuildConfiguration;
			buildSettings = {
				CODE_SIGN_STYLE = Automatic;
				CURRENT_PROJECT_VERSION = 1;
				DEVELOPMENT_TEAM = T3N6692BLL;
				GENERATE_INFOPLIST_FILE = YES;
				MARKETING_VERSION = 1.0;
				PRODUCT_BUNDLE_IDENTIFIER = "willLam-852.WhosWillUITests";
				PRODUCT_NAME = "$(TARGET_NAME)";
				SWIFT_EMIT_LOC_STRINGS = NO;
				SWIFT_VERSION = 5.0;
				TARGETED_DEVICE_FAMILY = "1,2";
				TEST_TARGET_NAME = WhosWill;
			};
			name = Debug;
		};
		0DCE433F2C9A7AF900EEFD8B /* Release */ = {
			isa = XCBuildConfiguration;
			buildSettings = {
				CODE_SIGN_STYLE = Automatic;
				CURRENT_PROJECT_VERSION = 1;
				DEVELOPMENT_TEAM = T3N6692BLL;
				GENERATE_INFOPLIST_FILE = YES;
				MARKETING_VERSION = 1.0;
				PRODUCT_BUNDLE_IDENTIFIER = "willLam-852.WhosWillUITests";
				PRODUCT_NAME = "$(TARGET_NAME)";
				SWIFT_EMIT_LOC_STRINGS = NO;
				SWIFT_VERSION = 5.0;
				TARGETED_DEVICE_FAMILY = "1,2";
				TEST_TARGET_NAME = WhosWill;
			};
			name = Release;
		};
/* End XCBuildConfiguration section */

/* Begin XCConfigurationList section */
		0DCE430C2C9A7AF800EEFD8B /* Build configuration list for PBXProject "WhosWill" */ = {
			isa = XCConfigurationList;
			buildConfigurations = (
				0DCE43352C9A7AF900EEFD8B /* Debug */,
				0DCE43362C9A7AF900EEFD8B /* Release */,
			);
			defaultConfigurationIsVisible = 0;
			defaultConfigurationName = Release;
		};
		0DCE43372C9A7AF900EEFD8B /* Build configuration list for PBXNativeTarget "WhosWill" */ = {
			isa = XCConfigurationList;
			buildConfigurations = (
				0DCE43382C9A7AF900EEFD8B /* Debug */,
				0DCE43392C9A7AF900EEFD8B /* Release */,
			);
			defaultConfigurationIsVisible = 0;
			defaultConfigurationName = Release;
		};
		0DCE433A2C9A7AF900EEFD8B /* Build configuration list for PBXNativeTarget "WhosWillTests" */ = {
			isa = XCConfigurationList;
			buildConfigurations = (
				0DCE433B2C9A7AF900EEFD8B /* Debug */,
				0DCE433C2C9A7AF900EEFD8B /* Release */,
			);
			defaultConfigurationIsVisible = 0;
			defaultConfigurationName = Release;
		};
		0DCE433D2C9A7AF900EEFD8B /* Build configuration list for PBXNativeTarget "WhosWillUITests" */ = {
			isa = XCConfigurationList;
			buildConfigurations = (
				0DCE433E2C9A7AF900EEFD8B /* Debug */,
				0DCE433F2C9A7AF900EEFD8B /* Release */,
			);
			defaultConfigurationIsVisible = 0;
			defaultConfigurationName = Release;
		};
/* End XCConfigurationList section */
	};
	rootObject = 0DCE43092C9A7AF800EEFD8B /* Project object */;
}
